
Microsoft Visual Studio Solution File, Format Version 12.00
# Visual Studio Version 17
VisualStudioVersion = 17.14.36518.9 d17.14
MinimumVisualStudioVersion = 10.0.40219.1
Project("{FAE04EC0-301F-11D3-BF4B-00C04F79EFBC}") = "Kakeibo_Front", "Kakeibo_Front.csproj", "{98E07418-3C14-44CF-B2FF-2BECBA093A59}"
EndProject
Global
	GlobalSection(SolutionConfigurationPlatforms) = preSolution
		Debug|Any CPU = Debug|Any CPU
		Release|Any CPU = Release|Any CPU
	EndGlobalSection
	GlobalSection(ProjectConfigurationPlatforms) = postSolution
		{98E07418-3C14-44CF-B2FF-2BECBA093A59}.Debug|Any CPU.ActiveCfg = Debug|Any CPU
		{98E07418-3C14-44CF-B2FF-2BECBA093A59}.Debug|Any CPU.Build.0 = Debug|Any CPU
		{98E07418-3C14-44CF-B2FF-2BECBA093A59}.Release|Any CPU.ActiveCfg = Release|Any CPU
		{98E07418-3C14-44CF-B2FF-2BECBA093A59}.Release|Any CPU.Build.0 = Release|Any CPU
	EndGlobalSection
	GlobalSection(SolutionProperties) = preSolution
		HideSolutionNode = FALSE
	EndGlobalSection
	GlobalSection(ExtensibilityGlobals) = postSolution
		SolutionGuid = {E4C40CFF-998B-4BC5-8BCA-85A2C9C8E7DD}
	EndGlobalSection
EndGlobal
